
Microsoft Visual Studio Solution File, Format Version 12.00
# Visual Studio Version 16
VisualStudioVersion = 25.0.1706.9
MinimumVisualStudioVersion = 10.0.40219.1
Project("{FAE04EC0-301F-11D3-BF4B-00C04F79EFBC}") = "Kolo", "Kolo\Kolo.csproj", "{5AD17944-7BE3-4EDD-938D-667D9E9F4F91}"
EndProject
Project("{FAE04EC0-301F-11D3-BF4B-00C04F79EFBC}") = "Racun", "Racun\Racun.csproj", "{D8D764C2-693F-4C7B-915E-578BBB51356B}"
EndProject
Project("{FAE04EC0-301F-11D3-BF4B-00C04F79EFBC}") = "Razred2", "Razred2\Razred2.csproj", "{F5ED9B03-4F1F-44F5-B0B5-7811C1592DBC}"
EndProject
Project("{FAE04EC0-301F-11D3-BF4B-00C04F79EFBC}") = "Razred", "Razred\Razred.csproj", "{7EE68B8D-6A5A-4A56-85E1-430EEAA09218}"
EndProject
Project("{FAE04EC0-301F-11D3-BF4B-00C04F79EFBC}") = "TestRegistracija", "TestRegistracija\TestRegistracija.csproj", "{112EE1EA-0862-4120-A12B-818C11DE29F1}"
EndProject
Project("{FAE04EC0-301F-11D3-BF4B-00C04F79EFBC}") = "VoziloTest", "VoziloTest\VoziloTest.csproj", "{FC27E035-9732-441E-B21F-9BF9E01E9FC0}"
EndProject
Global
	GlobalSection(SolutionConfigurationPlatforms) = preSolution
		Debug|Any CPU = Debug|Any CPU
		Release|Any CPU = Release|Any CPU
	EndGlobalSection
	GlobalSection(ProjectConfigurationPlatforms) = postSolution
		{5AD17944-7BE3-4EDD-938D-667D9E9F4F91}.Debug|Any CPU.ActiveCfg = Debug|Any CPU
		{5AD17944-7BE3-4EDD-938D-667D9E9F4F91}.Debug|Any CPU.Build.0 = Debug|Any CPU
		{5AD17944-7BE3-4EDD-938D-667D9E9F4F91}.Release|Any CPU.ActiveCfg = Release|Any CPU
		{5AD17944-7BE3-4EDD-938D-667D9E9F4F91}.Release|Any CPU.Build.0 = Release|Any CPU
		{D8D764C2-693F-4C7B-915E-578BBB51356B}.Debug|Any CPU.ActiveCfg = Debug|Any CPU
		{D8D764C2-693F-4C7B-915E-578BBB51356B}.Debug|Any CPU.Build.0 = Debug|Any CPU
		{D8D764C2-693F-4C7B-915E-578BBB51356B}.Release|Any CPU.ActiveCfg = Release|Any CPU
		{D8D764C2-693F-4C7B-915E-578BBB51356B}.Release|Any CPU.Build.0 = Release|Any CPU
		{F5ED9B03-4F1F-44F5-B0B5-7811C1592DBC}.Debug|Any CPU.ActiveCfg = Debug|Any CPU
		{F5ED9B03-4F1F-44F5-B0B5-7811C1592DBC}.Debug|Any CPU.Build.0 = Debug|Any CPU
		{F5ED9B03-4F1F-44F5-B0B5-7811C1592DBC}.Release|Any CPU.ActiveCfg = Release|Any CPU
		{F5ED9B03-4F1F-44F5-B0B5-7811C1592DBC}.Release|Any CPU.Build.0 = Release|Any CPU
		{7EE68B8D-6A5A-4A56-85E1-430EEAA09218}.Debug|Any CPU.ActiveCfg = Debug|Any CPU
		{7EE68B8D-6A5A-4A56-85E1-430EEAA09218}.Debug|Any CPU.Build.0 = Debug|Any CPU
		{7EE68B8D-6A5A-4A56-85E1-430EEAA09218}.Release|Any CPU.ActiveCfg = Release|Any CPU
		{7EE68B8D-6A5A-4A56-85E1-430EEAA09218}.Release|Any CPU.Build.0 = Release|Any CPU
		{112EE1EA-0862-4120-A12B-818C11DE29F1}.Debug|Any CPU.ActiveCfg = Debug|Any CPU
		{112EE1EA-0862-4120-A12B-818C11DE29F1}.Debug|Any CPU.Build.0 = Debug|Any CPU
		{112EE1EA-0862-4120-A12B-818C11DE29F1}.Release|Any CPU.ActiveCfg = Release|Any CPU
		{112EE1EA-0862-4120-A12B-818C11DE29F1}.Release|Any CPU.Build.0 = Release|Any CPU
		{FC27E035-9732-441E-B21F-9BF9E01E9FC0}.Debug|Any CPU.ActiveCfg = Debug|Any CPU
		{FC27E035-9732-441E-B21F-9BF9E01E9FC0}.Debug|Any CPU.Build.0 = Debug|Any CPU
		{FC27E035-9732-441E-B21F-9BF9E01E9FC0}.Release|Any CPU.ActiveCfg = Release|Any CPU
		{FC27E035-9732-441E-B21F-9BF9E01E9FC0}.Release|Any CPU.Build.0 = Release|Any CPU
	EndGlobalSection
	GlobalSection(SolutionProperties) = preSolution
		HideSolutionNode = FALSE
	EndGlobalSection
	GlobalSection(ExtensibilityGlobals) = postSolution
		SolutionGuid = {09096C49-A1AA-4BEF-83D7-B12030A770D6}
	EndGlobalSection
EndGlobal
